
Microsoft Visual Studio Solution File, Format Version 12.00
# Visual Studio Version 16
VisualStudioVersion = 16.0.31402.337
MinimumVisualStudioVersion = 10.0.40219.1
Project("{9A19103F-16F7-4668-BE54-9A1E7A4F7556}") = "Shimakaze.LogTracer", "src\Shimakaze.LogTracer.csproj", "{4C8E303D-39A1-4A37-A4CB-778004AB5E89}"
EndProject
Global
	GlobalSection(SolutionConfigurationPlatforms) = preSolution
		Debug|Any CPU = Debug|Any CPU
		Debug|x64 = Debug|x64
		Release|Any CPU = Release|Any CPU
		Release|x64 = Release|x64
	EndGlobalSection
	GlobalSection(ProjectConfigurationPlatforms) = postSolution
		{4C8E303D-39A1-4A37-A4CB-778004AB5E89}.Debug|Any CPU.ActiveCfg = Debug|Any CPU
		{4C8E303D-39A1-4A37-A4CB-778004AB5E89}.Debug|Any CPU.Build.0 = Debug|Any CPU
		{4C8E303D-39A1-4A37-A4CB-778004AB5E89}.Debug|x64.ActiveCfg = Debug|x64
		{4C8E303D-39A1-4A37-A4CB-778004AB5E89}.Debug|x64.Build.0 = Debug|x64
		{4C8E303D-39A1-4A37-A4CB-778004AB5E89}.Release|Any CPU.ActiveCfg = Release|Any CPU
		{4C8E303D-39A1-4A37-A4CB-778004AB5E89}.Release|Any CPU.Build.0 = Release|Any CPU
		{4C8E303D-39A1-4A37-A4CB-778004AB5E89}.Release|x64.ActiveCfg = Release|x64
		{4C8E303D-39A1-4A37-A4CB-778004AB5E89}.Release|x64.Build.0 = Release|x64
	EndGlobalSection
	GlobalSection(SolutionProperties) = preSolution
		HideSolutionNode = FALSE
	EndGlobalSection
	GlobalSection(ExtensibilityGlobals) = postSolution
		SolutionGuid = {47B2D7B4-54B8-46BE-BBA6-E3C3C512601C}
	EndGlobalSection
EndGlobal
